
Microsoft Visual Studio Solution File, Format Version 12.00
# Visual Studio 2012
Project("{8BC9CEB8-8B4A-11D0-8D11-00A0C91BC942}") = "SkpColl", "SkpColl\SkpColl.vcxproj", "{1285A36D-3B71-4BBE-BC68-163C02E2BA53}"
	ProjectSection(ProjectDependencies) = postProject
		{D7B74341-C2E2-470B-A375-3E97CECA3457} = {D7B74341-C2E2-470B-A375-3E97CECA3457}
		{4915B5B4-800B-40E2-A46B-703F8F38E066} = {4915B5B4-800B-40E2-A46B-703F8F38E066}
	EndProjectSection
EndProject
Project("{2150E333-8FDC-42A3-9474-1A3956D46DE8}") = "WildMagic5", "WildMagic5", "{70DAC4A0-C308-4389-ADCB-E41A938E5A3B}"
EndProject
Project("{8BC9CEB8-8B4A-11D0-8D11-00A0C91BC942}") = "LibCore_VC110", "WildMagic5\LibCore\LibCore_VC110.vcxproj", "{4915B5B4-800B-40E2-A46B-703F8F38E066}"
EndProject
Project("{8BC9CEB8-8B4A-11D0-8D11-00A0C91BC942}") = "LibMathematics_VC110", "WildMagic5\LibMathematics\LibMathematics_VC110.vcxproj", "{D7B74341-C2E2-470B-A375-3E97CECA3457}"
EndProject
Global
	GlobalSection(SolutionConfigurationPlatforms) = preSolution
		Debug|Win32 = Debug|Win32
		Debug|x64 = Debug|x64
		DebugDLL|Win32 = DebugDLL|Win32
		DebugDLL|x64 = DebugDLL|x64
		Release|Win32 = Release|Win32
		Release|x64 = Release|x64
		ReleaseDLL|Win32 = ReleaseDLL|Win32
		ReleaseDLL|x64 = ReleaseDLL|x64
	EndGlobalSection
	GlobalSection(ProjectConfigurationPlatforms) = postSolution
		{1285A36D-3B71-4BBE-BC68-163C02E2BA53}.Debug|Win32.ActiveCfg = Debug|Win32
		{1285A36D-3B71-4BBE-BC68-163C02E2BA53}.Debug|Win32.Build.0 = Debug|Win32
		{1285A36D-3B71-4BBE-BC68-163C02E2BA53}.Debug|x64.ActiveCfg = Debug|Win32
		{1285A36D-3B71-4BBE-BC68-163C02E2BA53}.DebugDLL|Win32.ActiveCfg = Debug|Win32
		{1285A36D-3B71-4BBE-BC68-163C02E2BA53}.DebugDLL|Win32.Build.0 = Debug|Win32
		{1285A36D-3B71-4BBE-BC68-163C02E2BA53}.DebugDLL|x64.ActiveCfg = Debug|Win32
		{1285A36D-3B71-4BBE-BC68-163C02E2BA53}.Release|Win32.ActiveCfg = Release|Win32
		{1285A36D-3B71-4BBE-BC68-163C02E2BA53}.Release|Win32.Build.0 = Release|Win32
		{1285A36D-3B71-4BBE-BC68-163C02E2BA53}.Release|x64.ActiveCfg = Release|Win32
		{1285A36D-3B71-4BBE-BC68-163C02E2BA53}.ReleaseDLL|Win32.ActiveCfg = Release|Win32
		{1285A36D-3B71-4BBE-BC68-163C02E2BA53}.ReleaseDLL|Win32.Build.0 = Release|Win32
		{1285A36D-3B71-4BBE-BC68-163C02E2BA53}.ReleaseDLL|x64.ActiveCfg = Release|Win32
		{4915B5B4-800B-40E2-A46B-703F8F38E066}.Debug|Win32.ActiveCfg = Debug|Win32
		{4915B5B4-800B-40E2-A46B-703F8F38E066}.Debug|Win32.Build.0 = Debug|Win32
		{4915B5B4-800B-40E2-A46B-703F8F38E066}.Debug|x64.ActiveCfg = Debug|x64
		{4915B5B4-800B-40E2-A46B-703F8F38E066}.Debug|x64.Build.0 = Debug|x64
		{4915B5B4-800B-40E2-A46B-703F8F38E066}.DebugDLL|Win32.ActiveCfg = DebugDLL|Win32
		{4915B5B4-800B-40E2-A46B-703F8F38E066}.DebugDLL|Win32.Build.0 = DebugDLL|Win32
		{4915B5B4-800B-40E2-A46B-703F8F38E066}.DebugDLL|x64.ActiveCfg = DebugDLL|x64
		{4915B5B4-800B-40E2-A46B-703F8F38E066}.DebugDLL|x64.Build.0 = DebugDLL|x64
		{4915B5B4-800B-40E2-A46B-703F8F38E066}.Release|Win32.ActiveCfg = Release|Win32
		{4915B5B4-800B-40E2-A46B-703F8F38E066}.Release|Win32.Build.0 = Release|Win32
		{4915B5B4-800B-40E2-A46B-703F8F38E066}.Release|x64.ActiveCfg = Release|x64
		{4915B5B4-800B-40E2-A46B-703F8F38E066}.Release|x64.Build.0 = Release|x64
		{4915B5B4-800B-40E2-A46B-703F8F38E066}.ReleaseDLL|Win32.ActiveCfg = ReleaseDLL|Win32
		{4915B5B4-800B-40E2-A46B-703F8F38E066}.ReleaseDLL|Win32.Build.0 = ReleaseDLL|Win32
		{4915B5B4-800B-40E2-A46B-703F8F38E066}.ReleaseDLL|x64.ActiveCfg = ReleaseDLL|x64
		{4915B5B4-800B-40E2-A46B-703F8F38E066}.ReleaseDLL|x64.Build.0 = ReleaseDLL|x64
		{D7B74341-C2E2-470B-A375-3E97CECA3457}.Debug|Win32.ActiveCfg = Debug|Win32
		{D7B74341-C2E2-470B-A375-3E97CECA3457}.Debug|Win32.Build.0 = Debug|Win32
		{D7B74341-C2E2-470B-A375-3E97CECA3457}.Debug|x64.ActiveCfg = Debug|x64
		{D7B74341-C2E2-470B-A375-3E97CECA3457}.Debug|x64.Build.0 = Debug|x64
		{D7B74341-C2E2-470B-A375-3E97CECA3457}.DebugDLL|Win32.ActiveCfg = DebugDLL|Win32
		{D7B74341-C2E2-470B-A375-3E97CECA3457}.DebugDLL|Win32.Build.0 = DebugDLL|Win32
		{D7B74341-C2E2-470B-A375-3E97CECA3457}.DebugDLL|x64.ActiveCfg = DebugDLL|x64
		{D7B74341-C2E2-470B-A375-3E97CECA3457}.DebugDLL|x64.Build.0 = DebugDLL|x64
		{D7B74341-C2E2-470B-A375-3E97CECA3457}.Release|Win32.ActiveCfg = Release|Win32
		{D7B74341-C2E2-470B-A375-3E97CECA3457}.Release|Win32.Build.0 = Release|Win32
		{D7B74341-C2E2-470B-A375-3E97CECA3457}.Release|x64.ActiveCfg = Release|x64
		{D7B74341-C2E2-470B-A375-3E97CECA3457}.Release|x64.Build.0 = Release|x64
		{D7B74341-C2E2-470B-A375-3E97CECA3457}.ReleaseDLL|Win32.ActiveCfg = ReleaseDLL|Win32
		{D7B74341-C2E2-470B-A375-3E97CECA3457}.ReleaseDLL|Win32.Build.0 = ReleaseDLL|Win32
		{D7B74341-C2E2-470B-A375-3E97CECA3457}.ReleaseDLL|x64.ActiveCfg = ReleaseDLL|x64
		{D7B74341-C2E2-470B-A375-3E97CECA3457}.ReleaseDLL|x64.Build.0 = ReleaseDLL|x64
	EndGlobalSection
	GlobalSection(SolutionProperties) = preSolution
		HideSolutionNode = FALSE
	EndGlobalSection
	GlobalSection(NestedProjects) = preSolution
		{4915B5B4-800B-40E2-A46B-703F8F38E066} = {70DAC4A0-C308-4389-ADCB-E41A938E5A3B}
		{D7B74341-C2E2-470B-A375-3E97CECA3457} = {70DAC4A0-C308-4389-ADCB-E41A938E5A3B}
	EndGlobalSection
EndGlobal
